
Microsoft Visual Studio Solution File, Format Version 11.00
# Visual Studio 2010
Project("{8BC9CEB8-8B4A-11D0-8D11-00A0C91BC942}") = "PLAYER", "PLAYER.vcxproj", "{799258F6-89AE-FE8C-56E3-FDB6E4376BF0}"
EndProject
Global
	GlobalSection(SolutionConfigurationPlatforms) = preSolution
		Debug|Win32 = Debug|Win32
		Release|Win32 = Release|Win32
	EndGlobalSection
	GlobalSection(ProjectConfigurationPlatforms) = postSolution
		{799258F6-89AE-FE8C-56E3-FDB6E4376BF0}.Debug|Win32.ActiveCfg = Debug|Win32
		{799258F6-89AE-FE8C-56E3-FDB6E4376BF0}.Debug|Win32.Build.0 = Debug|Win32
		{799258F6-89AE-FE8C-56E3-FDB6E4376BF0}.Release|Win32.ActiveCfg = Release|Win32
		{799258F6-89AE-FE8C-56E3-FDB6E4376BF0}.Release|Win32.Build.0 = Release|Win32
	EndGlobalSection
	GlobalSection(SolutionProperties) = preSolution
		HideSolutionNode = FALSE
	EndGlobalSection
EndGlobal
